
Microsoft Visual Studio Solution File, Format Version 12.00
# Visual Studio Version 16
VisualStudioVersion = 16.0.31624.102
MinimumVisualStudioVersion = 10.0.40219.1
Project("{9A19103F-16F7-4668-BE54-9A1E7A4F7556}") = "PrimerApp", "PrimerApp\PrimerApp.csproj", "{52020D90-A747-40E1-8DA5-079E4791CAC9}"
EndProject
Global
	GlobalSection(SolutionConfigurationPlatforms) = preSolution
		Debug|Any CPU = Debug|Any CPU
		Release|Any CPU = Release|Any CPU
	EndGlobalSection
	GlobalSection(ProjectConfigurationPlatforms) = postSolution
		{52020D90-A747-40E1-8DA5-079E4791CAC9}.Debug|Any CPU.ActiveCfg = Debug|Any CPU
		{52020D90-A747-40E1-8DA5-079E4791CAC9}.Debug|Any CPU.Build.0 = Debug|Any CPU
		{52020D90-A747-40E1-8DA5-079E4791CAC9}.Release|Any CPU.ActiveCfg = Release|Any CPU
		{52020D90-A747-40E1-8DA5-079E4791CAC9}.Release|Any CPU.Build.0 = Release|Any CPU
	EndGlobalSection
	GlobalSection(SolutionProperties) = preSolution
		HideSolutionNode = FALSE
	EndGlobalSection
	GlobalSection(ExtensibilityGlobals) = postSolution
		SolutionGuid = {D793F689-32EF-4D33-983D-47E0C3FEF0E7}
	EndGlobalSection
EndGlobal
